
Microsoft Visual Studio Solution File, Format Version 12.00
# Visual Studio Version 16
VisualStudioVersion = 16.0.31402.337
MinimumVisualStudioVersion = 10.0.40219.1
Project("{FAE04EC0-301F-11D3-BF4B-00C04F79EFBC}") = "PangramChecker", "PangramChecker\PangramChecker.csproj", "{92F107AA-A3D9-45AF-95B5-B0C195A27168}"
EndProject
Project("{FAE04EC0-301F-11D3-BF4B-00C04F79EFBC}") = "PangramChecker.Tests", "PangramChecker.Tests\PangramChecker.Tests.csproj", "{4A56AA89-36FA-41DE-A8FE-722460B0DF46}"
EndProject
Global
	GlobalSection(SolutionConfigurationPlatforms) = preSolution
		Debug|Any CPU = Debug|Any CPU
		Release|Any CPU = Release|Any CPU
	EndGlobalSection
	GlobalSection(ProjectConfigurationPlatforms) = postSolution
		{92F107AA-A3D9-45AF-95B5-B0C195A27168}.Debug|Any CPU.ActiveCfg = Debug|Any CPU
		{92F107AA-A3D9-45AF-95B5-B0C195A27168}.Debug|Any CPU.Build.0 = Debug|Any CPU
		{92F107AA-A3D9-45AF-95B5-B0C195A27168}.Release|Any CPU.ActiveCfg = Release|Any CPU
		{92F107AA-A3D9-45AF-95B5-B0C195A27168}.Release|Any CPU.Build.0 = Release|Any CPU
		{4A56AA89-36FA-41DE-A8FE-722460B0DF46}.Debug|Any CPU.ActiveCfg = Debug|Any CPU
		{4A56AA89-36FA-41DE-A8FE-722460B0DF46}.Debug|Any CPU.Build.0 = Debug|Any CPU
		{4A56AA89-36FA-41DE-A8FE-722460B0DF46}.Release|Any CPU.ActiveCfg = Release|Any CPU
		{4A56AA89-36FA-41DE-A8FE-722460B0DF46}.Release|Any CPU.Build.0 = Release|Any CPU
	EndGlobalSection
	GlobalSection(SolutionProperties) = preSolution
		HideSolutionNode = FALSE
	EndGlobalSection
	GlobalSection(ExtensibilityGlobals) = postSolution
		SolutionGuid = {7A5AA19E-598F-4937-9199-EEC978D21614}
	EndGlobalSection
EndGlobal
