
Microsoft Visual Studio Solution File, Format Version 12.00
# Visual Studio Version 16
VisualStudioVersion = 16.0.32413.511
MinimumVisualStudioVersion = 10.0.40219.1
Project("{FAE04EC0-301F-11D3-BF4B-00C04F79EFBC}") = "FindDuplicates", "FindDuplicates.csproj", "{29622998-5AAA-4178-9114-7F91B98FD593}"
EndProject
Global
	GlobalSection(SolutionConfigurationPlatforms) = preSolution
		Debug|Any CPU = Debug|Any CPU
		Release|Any CPU = Release|Any CPU
	EndGlobalSection
	GlobalSection(ProjectConfigurationPlatforms) = postSolution
		{29622998-5AAA-4178-9114-7F91B98FD593}.Debug|Any CPU.ActiveCfg = Debug|Any CPU
		{29622998-5AAA-4178-9114-7F91B98FD593}.Debug|Any CPU.Build.0 = Debug|Any CPU
		{29622998-5AAA-4178-9114-7F91B98FD593}.Release|Any CPU.ActiveCfg = Release|Any CPU
		{29622998-5AAA-4178-9114-7F91B98FD593}.Release|Any CPU.Build.0 = Release|Any CPU
	EndGlobalSection
	GlobalSection(SolutionProperties) = preSolution
		HideSolutionNode = FALSE
	EndGlobalSection
	GlobalSection(ExtensibilityGlobals) = postSolution
		SolutionGuid = {1CE7087B-0648-4D30-BAB5-2B10D61268D6}
	EndGlobalSection
EndGlobal
