
Microsoft Visual Studio Solution File, Format Version 12.00
# Visual Studio Version 16
VisualStudioVersion = 16.0.30517.126
MinimumVisualStudioVersion = 10.0.40219.1
Project("{FAE04EC0-301F-11D3-BF4B-00C04F79EFBC}") = "csharp", "csharp\csharp.csproj", "{7ED460DF-001A-4FCC-8E79-C97A256A8775}"
EndProject
Global
	GlobalSection(SolutionConfigurationPlatforms) = preSolution
		Debug|Any CPU = Debug|Any CPU
		Release|Any CPU = Release|Any CPU
	EndGlobalSection
	GlobalSection(ProjectConfigurationPlatforms) = postSolution
		{7ED460DF-001A-4FCC-8E79-C97A256A8775}.Debug|Any CPU.ActiveCfg = Debug|Any CPU
		{7ED460DF-001A-4FCC-8E79-C97A256A8775}.Debug|Any CPU.Build.0 = Debug|Any CPU
		{7ED460DF-001A-4FCC-8E79-C97A256A8775}.Release|Any CPU.ActiveCfg = Release|Any CPU
		{7ED460DF-001A-4FCC-8E79-C97A256A8775}.Release|Any CPU.Build.0 = Release|Any CPU
	EndGlobalSection
	GlobalSection(SolutionProperties) = preSolution
		HideSolutionNode = FALSE
	EndGlobalSection
	GlobalSection(ExtensibilityGlobals) = postSolution
		SolutionGuid = {F12594D0-EF00-4855-B58F-638396B4BA96}
	EndGlobalSection
EndGlobal
