
Microsoft Visual Studio Solution File, Format Version 12.00
# Visual Studio 15
VisualStudioVersion = 15.0.26124.0
MinimumVisualStudioVersion = 15.0.26124.0
Project("{FAE04EC0-301F-11D3-BF4B-00C04F79EFBC}") = "client", "client\client.csproj", "{F1CD89DD-96F3-432C-869C-54D4FDD78443}"
EndProject
Project("{FAE04EC0-301F-11D3-BF4B-00C04F79EFBC}") = "test", "test\test.csproj", "{C07FD6C7-55EE-4895-B350-FE43122A5EDD}"
EndProject
Project("{FAE04EC0-301F-11D3-BF4B-00C04F79EFBC}") = "lib", "lib\lib.csproj", "{406D60A8-8C21-44AE-90A6-503C5939A764}"
EndProject
Project("{FAE04EC0-301F-11D3-BF4B-00C04F79EFBC}") = "common", "common\common.csproj", "{9FDFC6D4-12FB-43F1-96A1-255BF8F64A71}"
EndProject
Global
	GlobalSection(SolutionConfigurationPlatforms) = preSolution
		Debug|Any CPU = Debug|Any CPU
		Debug|x64 = Debug|x64
		Debug|x86 = Debug|x86
		Release|Any CPU = Release|Any CPU
		Release|x64 = Release|x64
		Release|x86 = Release|x86
	EndGlobalSection
	GlobalSection(SolutionProperties) = preSolution
		HideSolutionNode = FALSE
	EndGlobalSection
	GlobalSection(ProjectConfigurationPlatforms) = postSolution
		{F1CD89DD-96F3-432C-869C-54D4FDD78443}.Debug|Any CPU.ActiveCfg = Debug|Any CPU
		{F1CD89DD-96F3-432C-869C-54D4FDD78443}.Debug|Any CPU.Build.0 = Debug|Any CPU
		{F1CD89DD-96F3-432C-869C-54D4FDD78443}.Debug|x64.ActiveCfg = Debug|Any CPU
		{F1CD89DD-96F3-432C-869C-54D4FDD78443}.Debug|x64.Build.0 = Debug|Any CPU
		{F1CD89DD-96F3-432C-869C-54D4FDD78443}.Debug|x86.ActiveCfg = Debug|Any CPU
		{F1CD89DD-96F3-432C-869C-54D4FDD78443}.Debug|x86.Build.0 = Debug|Any CPU
		{F1CD89DD-96F3-432C-869C-54D4FDD78443}.Release|Any CPU.ActiveCfg = Release|Any CPU
		{F1CD89DD-96F3-432C-869C-54D4FDD78443}.Release|Any CPU.Build.0 = Release|Any CPU
		{F1CD89DD-96F3-432C-869C-54D4FDD78443}.Release|x64.ActiveCfg = Release|Any CPU
		{F1CD89DD-96F3-432C-869C-54D4FDD78443}.Release|x64.Build.0 = Release|Any CPU
		{F1CD89DD-96F3-432C-869C-54D4FDD78443}.Release|x86.ActiveCfg = Release|Any CPU
		{F1CD89DD-96F3-432C-869C-54D4FDD78443}.Release|x86.Build.0 = Release|Any CPU
		{C07FD6C7-55EE-4895-B350-FE43122A5EDD}.Debug|Any CPU.ActiveCfg = Debug|Any CPU
		{C07FD6C7-55EE-4895-B350-FE43122A5EDD}.Debug|Any CPU.Build.0 = Debug|Any CPU
		{C07FD6C7-55EE-4895-B350-FE43122A5EDD}.Debug|x64.ActiveCfg = Debug|Any CPU
		{C07FD6C7-55EE-4895-B350-FE43122A5EDD}.Debug|x64.Build.0 = Debug|Any CPU
		{C07FD6C7-55EE-4895-B350-FE43122A5EDD}.Debug|x86.ActiveCfg = Debug|Any CPU
		{C07FD6C7-55EE-4895-B350-FE43122A5EDD}.Debug|x86.Build.0 = Debug|Any CPU
		{C07FD6C7-55EE-4895-B350-FE43122A5EDD}.Release|Any CPU.ActiveCfg = Release|Any CPU
		{C07FD6C7-55EE-4895-B350-FE43122A5EDD}.Release|Any CPU.Build.0 = Release|Any CPU
		{C07FD6C7-55EE-4895-B350-FE43122A5EDD}.Release|x64.ActiveCfg = Release|Any CPU
		{C07FD6C7-55EE-4895-B350-FE43122A5EDD}.Release|x64.Build.0 = Release|Any CPU
		{C07FD6C7-55EE-4895-B350-FE43122A5EDD}.Release|x86.ActiveCfg = Release|Any CPU
		{C07FD6C7-55EE-4895-B350-FE43122A5EDD}.Release|x86.Build.0 = Release|Any CPU
		{406D60A8-8C21-44AE-90A6-503C5939A764}.Debug|Any CPU.ActiveCfg = Debug|Any CPU
		{406D60A8-8C21-44AE-90A6-503C5939A764}.Debug|Any CPU.Build.0 = Debug|Any CPU
		{406D60A8-8C21-44AE-90A6-503C5939A764}.Debug|x64.ActiveCfg = Debug|Any CPU
		{406D60A8-8C21-44AE-90A6-503C5939A764}.Debug|x64.Build.0 = Debug|Any CPU
		{406D60A8-8C21-44AE-90A6-503C5939A764}.Debug|x86.ActiveCfg = Debug|Any CPU
		{406D60A8-8C21-44AE-90A6-503C5939A764}.Debug|x86.Build.0 = Debug|Any CPU
		{406D60A8-8C21-44AE-90A6-503C5939A764}.Release|Any CPU.ActiveCfg = Release|Any CPU
		{406D60A8-8C21-44AE-90A6-503C5939A764}.Release|Any CPU.Build.0 = Release|Any CPU
		{406D60A8-8C21-44AE-90A6-503C5939A764}.Release|x64.ActiveCfg = Release|Any CPU
		{406D60A8-8C21-44AE-90A6-503C5939A764}.Release|x64.Build.0 = Release|Any CPU
		{406D60A8-8C21-44AE-90A6-503C5939A764}.Release|x86.ActiveCfg = Release|Any CPU
		{406D60A8-8C21-44AE-90A6-503C5939A764}.Release|x86.Build.0 = Release|Any CPU
		{9FDFC6D4-12FB-43F1-96A1-255BF8F64A71}.Debug|Any CPU.ActiveCfg = Debug|Any CPU
		{9FDFC6D4-12FB-43F1-96A1-255BF8F64A71}.Debug|Any CPU.Build.0 = Debug|Any CPU
		{9FDFC6D4-12FB-43F1-96A1-255BF8F64A71}.Debug|x64.ActiveCfg = Debug|Any CPU
		{9FDFC6D4-12FB-43F1-96A1-255BF8F64A71}.Debug|x64.Build.0 = Debug|Any CPU
		{9FDFC6D4-12FB-43F1-96A1-255BF8F64A71}.Debug|x86.ActiveCfg = Debug|Any CPU
		{9FDFC6D4-12FB-43F1-96A1-255BF8F64A71}.Debug|x86.Build.0 = Debug|Any CPU
		{9FDFC6D4-12FB-43F1-96A1-255BF8F64A71}.Release|Any CPU.ActiveCfg = Release|Any CPU
		{9FDFC6D4-12FB-43F1-96A1-255BF8F64A71}.Release|Any CPU.Build.0 = Release|Any CPU
		{9FDFC6D4-12FB-43F1-96A1-255BF8F64A71}.Release|x64.ActiveCfg = Release|Any CPU
		{9FDFC6D4-12FB-43F1-96A1-255BF8F64A71}.Release|x64.Build.0 = Release|Any CPU
		{9FDFC6D4-12FB-43F1-96A1-255BF8F64A71}.Release|x86.ActiveCfg = Release|Any CPU
		{9FDFC6D4-12FB-43F1-96A1-255BF8F64A71}.Release|x86.Build.0 = Release|Any CPU
	EndGlobalSection
EndGlobal
