
Microsoft Visual Studio Solution File, Format Version 12.00
# Visual Studio Version 16
VisualStudioVersion = 16.0.29728.190
MinimumVisualStudioVersion = 10.0.40219.1
Project("{6EC3EE1D-3C4E-46DD-8F32-0CC8E7565705}") = "Palindrome", "Palindrome\Palindrome.fsproj", "{A076641D-169F-46E0-84E4-B8BA2415EE1A}"
EndProject
Project("{F2A71F9B-5D33-465A-A702-920D77279786}") = "PalindromeTest", "PalindromeTest\PalindromeTest.fsproj", "{98904653-543E-41BA-BFDA-89493EC1E98B}"
EndProject
Global
	GlobalSection(SolutionConfigurationPlatforms) = preSolution
		Debug|Any CPU = Debug|Any CPU
		Release|Any CPU = Release|Any CPU
	EndGlobalSection
	GlobalSection(ProjectConfigurationPlatforms) = postSolution
		{A076641D-169F-46E0-84E4-B8BA2415EE1A}.Debug|Any CPU.ActiveCfg = Debug|Any CPU
		{A076641D-169F-46E0-84E4-B8BA2415EE1A}.Debug|Any CPU.Build.0 = Debug|Any CPU
		{A076641D-169F-46E0-84E4-B8BA2415EE1A}.Release|Any CPU.ActiveCfg = Release|Any CPU
		{A076641D-169F-46E0-84E4-B8BA2415EE1A}.Release|Any CPU.Build.0 = Release|Any CPU
		{98904653-543E-41BA-BFDA-89493EC1E98B}.Debug|Any CPU.ActiveCfg = Debug|Any CPU
		{98904653-543E-41BA-BFDA-89493EC1E98B}.Debug|Any CPU.Build.0 = Debug|Any CPU
		{98904653-543E-41BA-BFDA-89493EC1E98B}.Release|Any CPU.ActiveCfg = Release|Any CPU
		{98904653-543E-41BA-BFDA-89493EC1E98B}.Release|Any CPU.Build.0 = Release|Any CPU
	EndGlobalSection
	GlobalSection(SolutionProperties) = preSolution
		HideSolutionNode = FALSE
	EndGlobalSection
	GlobalSection(ExtensibilityGlobals) = postSolution
		SolutionGuid = {4CBB207F-94C0-4C62-9905-87F39B005F2E}
	EndGlobalSection
EndGlobal
