
Microsoft Visual Studio Solution File, Format Version 12.00
# Visual Studio Version 16
VisualStudioVersion = 16.0.31205.134
MinimumVisualStudioVersion = 10.0.40219.1
Project("{9A19103F-16F7-4668-BE54-9A1E7A4F7556}") = "ArabicRomanKata", "ArabicRomanKata\ArabicRomanKata.csproj", "{D34192A4-75A3-42CA-AD66-16F59BA4BD9C}"
EndProject
Project("{9A19103F-16F7-4668-BE54-9A1E7A4F7556}") = "ArabicRomanKataUnitTest", "ArabicRomanKata_UnitTest\ArabicRomanKataUnitTest.csproj", "{C7D799D8-82BE-423B-ADE7-57E68A8835F7}"
EndProject
Global
	GlobalSection(SolutionConfigurationPlatforms) = preSolution
		Debug|Any CPU = Debug|Any CPU
		Release|Any CPU = Release|Any CPU
	EndGlobalSection
	GlobalSection(ProjectConfigurationPlatforms) = postSolution
		{D34192A4-75A3-42CA-AD66-16F59BA4BD9C}.Debug|Any CPU.ActiveCfg = Debug|Any CPU
		{D34192A4-75A3-42CA-AD66-16F59BA4BD9C}.Debug|Any CPU.Build.0 = Debug|Any CPU
		{D34192A4-75A3-42CA-AD66-16F59BA4BD9C}.Release|Any CPU.ActiveCfg = Release|Any CPU
		{D34192A4-75A3-42CA-AD66-16F59BA4BD9C}.Release|Any CPU.Build.0 = Release|Any CPU
		{C7D799D8-82BE-423B-ADE7-57E68A8835F7}.Debug|Any CPU.ActiveCfg = Debug|Any CPU
		{C7D799D8-82BE-423B-ADE7-57E68A8835F7}.Debug|Any CPU.Build.0 = Debug|Any CPU
		{C7D799D8-82BE-423B-ADE7-57E68A8835F7}.Release|Any CPU.ActiveCfg = Release|Any CPU
		{C7D799D8-82BE-423B-ADE7-57E68A8835F7}.Release|Any CPU.Build.0 = Release|Any CPU
	EndGlobalSection
	GlobalSection(SolutionProperties) = preSolution
		HideSolutionNode = FALSE
	EndGlobalSection
	GlobalSection(ExtensibilityGlobals) = postSolution
		SolutionGuid = {D614EF48-7E07-4DDB-BA9F-8507AAA5A747}
	EndGlobalSection
EndGlobal
