
Microsoft Visual Studio Solution File, Format Version 12.00
# Visual Studio Version 17
VisualStudioVersion = 17.0.31903.59
MinimumVisualStudioVersion = 10.0.40219.1
Project("{FAE04EC0-301F-11D3-BF4B-00C04F79EFBC}") = "FizzBuzz", "FizzBuzz.csproj", "{EE686DBD-B71A-4759-9C45-EFDA72FF6D7B}"
EndProject
Global
	GlobalSection(SolutionConfigurationPlatforms) = preSolution
		Debug|Any CPU = Debug|Any CPU
		Release|Any CPU = Release|Any CPU
	EndGlobalSection
	GlobalSection(ProjectConfigurationPlatforms) = postSolution
		{EE686DBD-B71A-4759-9C45-EFDA72FF6D7B}.Debug|Any CPU.ActiveCfg = Debug|Any CPU
		{EE686DBD-B71A-4759-9C45-EFDA72FF6D7B}.Debug|Any CPU.Build.0 = Debug|Any CPU
		{EE686DBD-B71A-4759-9C45-EFDA72FF6D7B}.Release|Any CPU.ActiveCfg = Release|Any CPU
		{EE686DBD-B71A-4759-9C45-EFDA72FF6D7B}.Release|Any CPU.Build.0 = Release|Any CPU
	EndGlobalSection
	GlobalSection(SolutionProperties) = preSolution
		HideSolutionNode = FALSE
	EndGlobalSection
	GlobalSection(ExtensibilityGlobals) = postSolution
		SolutionGuid = {22182BF4-26A8-4974-B8F8-5DDCE2CA2374}
	EndGlobalSection
EndGlobal
