
Microsoft Visual Studio Solution File, Format Version 12.00
# Visual Studio Version 16
VisualStudioVersion = 16.0.31729.503
MinimumVisualStudioVersion = 10.0.40219.1
Project("{FAE04EC0-301F-11D3-BF4B-00C04F79EFBC}") = "FizzBuzz.Server", "Server\FizzBuzz.Server.csproj", "{CB7B6F18-ECD3-4953-9962-F8B4AE5EA5E4}"
EndProject
Project("{FAE04EC0-301F-11D3-BF4B-00C04F79EFBC}") = "FizzBuzz.Client", "Client\FizzBuzz.Client.csproj", "{9B09BCAF-69CC-4CC6-80F3-18B9D9AE7F41}"
EndProject
Project("{FAE04EC0-301F-11D3-BF4B-00C04F79EFBC}") = "FizzBuzz.Shared", "Shared\FizzBuzz.Shared.csproj", "{73B794F3-F9CC-4E63-8425-F4E625CF6C5C}"
EndProject
Project("{FAE04EC0-301F-11D3-BF4B-00C04F79EFBC}") = "FizzBuzz.Test", "..\FizzBuzz.Test\FizzBuzz.Test.csproj", "{316FE342-C2CA-4098-80A0-86D87336CC49}"
EndProject
Global
	GlobalSection(SolutionConfigurationPlatforms) = preSolution
		Debug|Any CPU = Debug|Any CPU
		Release|Any CPU = Release|Any CPU
	EndGlobalSection
	GlobalSection(ProjectConfigurationPlatforms) = postSolution
		{CB7B6F18-ECD3-4953-9962-F8B4AE5EA5E4}.Debug|Any CPU.ActiveCfg = Debug|Any CPU
		{CB7B6F18-ECD3-4953-9962-F8B4AE5EA5E4}.Debug|Any CPU.Build.0 = Debug|Any CPU
		{CB7B6F18-ECD3-4953-9962-F8B4AE5EA5E4}.Release|Any CPU.ActiveCfg = Release|Any CPU
		{CB7B6F18-ECD3-4953-9962-F8B4AE5EA5E4}.Release|Any CPU.Build.0 = Release|Any CPU
		{9B09BCAF-69CC-4CC6-80F3-18B9D9AE7F41}.Debug|Any CPU.ActiveCfg = Debug|Any CPU
		{9B09BCAF-69CC-4CC6-80F3-18B9D9AE7F41}.Debug|Any CPU.Build.0 = Debug|Any CPU
		{9B09BCAF-69CC-4CC6-80F3-18B9D9AE7F41}.Release|Any CPU.ActiveCfg = Release|Any CPU
		{9B09BCAF-69CC-4CC6-80F3-18B9D9AE7F41}.Release|Any CPU.Build.0 = Release|Any CPU
		{73B794F3-F9CC-4E63-8425-F4E625CF6C5C}.Debug|Any CPU.ActiveCfg = Debug|Any CPU
		{73B794F3-F9CC-4E63-8425-F4E625CF6C5C}.Debug|Any CPU.Build.0 = Debug|Any CPU
		{73B794F3-F9CC-4E63-8425-F4E625CF6C5C}.Release|Any CPU.ActiveCfg = Release|Any CPU
		{73B794F3-F9CC-4E63-8425-F4E625CF6C5C}.Release|Any CPU.Build.0 = Release|Any CPU
		{316FE342-C2CA-4098-80A0-86D87336CC49}.Debug|Any CPU.ActiveCfg = Debug|Any CPU
		{316FE342-C2CA-4098-80A0-86D87336CC49}.Debug|Any CPU.Build.0 = Debug|Any CPU
		{316FE342-C2CA-4098-80A0-86D87336CC49}.Release|Any CPU.ActiveCfg = Release|Any CPU
		{316FE342-C2CA-4098-80A0-86D87336CC49}.Release|Any CPU.Build.0 = Release|Any CPU
	EndGlobalSection
	GlobalSection(SolutionProperties) = preSolution
		HideSolutionNode = FALSE
	EndGlobalSection
	GlobalSection(ExtensibilityGlobals) = postSolution
		SolutionGuid = {F64AF646-E5E1-4E70-A831-D8EDA274F772}
	EndGlobalSection
EndGlobal
