
Microsoft Visual Studio Solution File, Format Version 12.00
# Visual Studio Version 16
VisualStudioVersion = 16.0.31729.503
MinimumVisualStudioVersion = 10.0.40219.1
Project("{FAE04EC0-301F-11D3-BF4B-00C04F79EFBC}") = "FizzBuzzSolutionSMoelders", "FizzBuzzSolutionSMoelders\FizzBuzzSolutionSMoelders.csproj", "{E0DA2F2A-5D5D-423D-89D1-32FC98BA72FF}"
EndProject
Project("{FAE04EC0-301F-11D3-BF4B-00C04F79EFBC}") = "Tests", "Tests\Tests.csproj", "{69CEDFEB-B818-4807-BB58-F72DD131DF6C}"
EndProject
Global
	GlobalSection(SolutionConfigurationPlatforms) = preSolution
		Debug|Any CPU = Debug|Any CPU
		Release|Any CPU = Release|Any CPU
	EndGlobalSection
	GlobalSection(ProjectConfigurationPlatforms) = postSolution
		{E0DA2F2A-5D5D-423D-89D1-32FC98BA72FF}.Debug|Any CPU.ActiveCfg = Debug|Any CPU
		{E0DA2F2A-5D5D-423D-89D1-32FC98BA72FF}.Debug|Any CPU.Build.0 = Debug|Any CPU
		{E0DA2F2A-5D5D-423D-89D1-32FC98BA72FF}.Release|Any CPU.ActiveCfg = Release|Any CPU
		{E0DA2F2A-5D5D-423D-89D1-32FC98BA72FF}.Release|Any CPU.Build.0 = Release|Any CPU
		{69CEDFEB-B818-4807-BB58-F72DD131DF6C}.Debug|Any CPU.ActiveCfg = Debug|Any CPU
		{69CEDFEB-B818-4807-BB58-F72DD131DF6C}.Debug|Any CPU.Build.0 = Debug|Any CPU
		{69CEDFEB-B818-4807-BB58-F72DD131DF6C}.Release|Any CPU.ActiveCfg = Release|Any CPU
		{69CEDFEB-B818-4807-BB58-F72DD131DF6C}.Release|Any CPU.Build.0 = Release|Any CPU
	EndGlobalSection
	GlobalSection(SolutionProperties) = preSolution
		HideSolutionNode = FALSE
	EndGlobalSection
	GlobalSection(ExtensibilityGlobals) = postSolution
		SolutionGuid = {595F5E97-E134-4161-8D31-B9233C997F17}
	EndGlobalSection
EndGlobal
