
Microsoft Visual Studio Solution File, Format Version 12.00
# Visual Studio Version 16
VisualStudioVersion = 16.0.30517.126
MinimumVisualStudioVersion = 10.0.40219.1
Project("{FAE04EC0-301F-11D3-BF4B-00C04F79EFBC}") = "csharp", "csharp\csharp.csproj", "{0DA8FDD3-0EE3-498B-8E34-F3384D1ACD92}"
EndProject
Global
	GlobalSection(SolutionConfigurationPlatforms) = preSolution
		Debug|Any CPU = Debug|Any CPU
		Release|Any CPU = Release|Any CPU
	EndGlobalSection
	GlobalSection(ProjectConfigurationPlatforms) = postSolution
		{0DA8FDD3-0EE3-498B-8E34-F3384D1ACD92}.Debug|Any CPU.ActiveCfg = Debug|Any CPU
		{0DA8FDD3-0EE3-498B-8E34-F3384D1ACD92}.Debug|Any CPU.Build.0 = Debug|Any CPU
		{0DA8FDD3-0EE3-498B-8E34-F3384D1ACD92}.Release|Any CPU.ActiveCfg = Release|Any CPU
		{0DA8FDD3-0EE3-498B-8E34-F3384D1ACD92}.Release|Any CPU.Build.0 = Release|Any CPU
	EndGlobalSection
	GlobalSection(SolutionProperties) = preSolution
		HideSolutionNode = FALSE
	EndGlobalSection
	GlobalSection(ExtensibilityGlobals) = postSolution
		SolutionGuid = {5D14540D-9BA6-4DD3-BA7F-914EEE764591}
	EndGlobalSection
EndGlobal
