
Microsoft Visual Studio Solution File, Format Version 12.00
# Visual Studio 15
VisualStudioVersion = 15.0.28307.705
MinimumVisualStudioVersion = 10.0.40219.1
Project("{FAE04EC0-301F-11D3-BF4B-00C04F79EFBC}") = "Berlin", "Berlin\Berlin.csproj", "{B551884B-5355-470B-9DF5-F699324589DB}"
EndProject
Global
	GlobalSection(SolutionConfigurationPlatforms) = preSolution
		Debug|Any CPU = Debug|Any CPU
		Release|Any CPU = Release|Any CPU
	EndGlobalSection
	GlobalSection(ProjectConfigurationPlatforms) = postSolution
		{B551884B-5355-470B-9DF5-F699324589DB}.Debug|Any CPU.ActiveCfg = Debug|Any CPU
		{B551884B-5355-470B-9DF5-F699324589DB}.Debug|Any CPU.Build.0 = Debug|Any CPU
		{B551884B-5355-470B-9DF5-F699324589DB}.Release|Any CPU.ActiveCfg = Release|Any CPU
		{B551884B-5355-470B-9DF5-F699324589DB}.Release|Any CPU.Build.0 = Release|Any CPU
	EndGlobalSection
	GlobalSection(SolutionProperties) = preSolution
		HideSolutionNode = FALSE
	EndGlobalSection
	GlobalSection(ExtensibilityGlobals) = postSolution
		SolutionGuid = {9B8A4EA6-6589-48A0-89C1-F600DAD0789B}
	EndGlobalSection
EndGlobal
