
Microsoft Visual Studio Solution File, Format Version 12.00
# Visual Studio 15
VisualStudioVersion = 15.0.28307.705
MinimumVisualStudioVersion = 10.0.40219.1
Project("{FAE04EC0-301F-11D3-BF4B-00C04F79EFBC}") = "DuplicateFilesFinder", "DuplicateFilesFinder\DuplicateFilesFinder.csproj", "{62DD8207-E80B-452D-903F-2725300D838F}"
EndProject
Global
	GlobalSection(SolutionConfigurationPlatforms) = preSolution
		Debug|Any CPU = Debug|Any CPU
		Release|Any CPU = Release|Any CPU
	EndGlobalSection
	GlobalSection(ProjectConfigurationPlatforms) = postSolution
		{62DD8207-E80B-452D-903F-2725300D838F}.Debug|Any CPU.ActiveCfg = Debug|Any CPU
		{62DD8207-E80B-452D-903F-2725300D838F}.Debug|Any CPU.Build.0 = Debug|Any CPU
		{62DD8207-E80B-452D-903F-2725300D838F}.Release|Any CPU.ActiveCfg = Release|Any CPU
		{62DD8207-E80B-452D-903F-2725300D838F}.Release|Any CPU.Build.0 = Release|Any CPU
	EndGlobalSection
	GlobalSection(SolutionProperties) = preSolution
		HideSolutionNode = FALSE
	EndGlobalSection
	GlobalSection(ExtensibilityGlobals) = postSolution
		SolutionGuid = {4E833D22-BEE5-4B49-A038-CB4DE2144AE1}
	EndGlobalSection
EndGlobal
