
Microsoft Visual Studio Solution File, Format Version 12.00
# Visual Studio 15
VisualStudioVersion = 15.0.28010.2050
MinimumVisualStudioVersion = 10.0.40219.1
Project("{FAE04EC0-301F-11D3-BF4B-00C04F79EFBC}") = "BerlinClockWpfApp", "BerlinClockWpfApp\BerlinClockWpfApp.csproj", "{36E0741F-CF06-4725-882F-CB3E445D344B}"
EndProject
Project("{FAE04EC0-301F-11D3-BF4B-00C04F79EFBC}") = "BerlinClockWpfAppTest", "BerlinClockWpfAppTest\BerlinClockWpfAppTest.csproj", "{7A397F52-9491-4882-A5E9-C6B810F77C89}"
EndProject
Global
	GlobalSection(SolutionConfigurationPlatforms) = preSolution
		Debug|Any CPU = Debug|Any CPU
		Release|Any CPU = Release|Any CPU
	EndGlobalSection
	GlobalSection(ProjectConfigurationPlatforms) = postSolution
		{36E0741F-CF06-4725-882F-CB3E445D344B}.Debug|Any CPU.ActiveCfg = Debug|Any CPU
		{36E0741F-CF06-4725-882F-CB3E445D344B}.Debug|Any CPU.Build.0 = Debug|Any CPU
		{36E0741F-CF06-4725-882F-CB3E445D344B}.Release|Any CPU.ActiveCfg = Release|Any CPU
		{36E0741F-CF06-4725-882F-CB3E445D344B}.Release|Any CPU.Build.0 = Release|Any CPU
		{7A397F52-9491-4882-A5E9-C6B810F77C89}.Debug|Any CPU.ActiveCfg = Debug|Any CPU
		{7A397F52-9491-4882-A5E9-C6B810F77C89}.Debug|Any CPU.Build.0 = Debug|Any CPU
		{7A397F52-9491-4882-A5E9-C6B810F77C89}.Release|Any CPU.ActiveCfg = Release|Any CPU
		{7A397F52-9491-4882-A5E9-C6B810F77C89}.Release|Any CPU.Build.0 = Release|Any CPU
	EndGlobalSection
	GlobalSection(SolutionProperties) = preSolution
		HideSolutionNode = FALSE
	EndGlobalSection
	GlobalSection(ExtensibilityGlobals) = postSolution
		SolutionGuid = {9365B1E9-DF10-4A06-A343-7BA6ED51E061}
	EndGlobalSection
EndGlobal
