
Microsoft Visual Studio Solution File, Format Version 12.00
# Visual Studio Version 16
VisualStudioVersion = 16.0.32126.315
MinimumVisualStudioVersion = 10.0.40219.1
Project("{FAE04EC0-301F-11D3-BF4B-00C04F79EFBC}") = "Recruiting.SyrtsouD.Holidays.API", "Recruiting.SyrtsouD.Holidays.API\Recruiting.SyrtsouD.Holidays.API.csproj", "{111694FC-3A5C-4593-8B85-5791962BE783}"
EndProject
Global
	GlobalSection(SolutionConfigurationPlatforms) = preSolution
		Debug|Any CPU = Debug|Any CPU
		Release|Any CPU = Release|Any CPU
	EndGlobalSection
	GlobalSection(ProjectConfigurationPlatforms) = postSolution
		{111694FC-3A5C-4593-8B85-5791962BE783}.Debug|Any CPU.ActiveCfg = Debug|Any CPU
		{111694FC-3A5C-4593-8B85-5791962BE783}.Debug|Any CPU.Build.0 = Debug|Any CPU
		{111694FC-3A5C-4593-8B85-5791962BE783}.Release|Any CPU.ActiveCfg = Release|Any CPU
		{111694FC-3A5C-4593-8B85-5791962BE783}.Release|Any CPU.Build.0 = Release|Any CPU
	EndGlobalSection
	GlobalSection(SolutionProperties) = preSolution
		HideSolutionNode = FALSE
	EndGlobalSection
	GlobalSection(ExtensibilityGlobals) = postSolution
		SolutionGuid = {4241D1E0-0C22-46A5-A081-8CE7C362A45D}
	EndGlobalSection
EndGlobal
